
Microsoft Visual Studio Solution File, Format Version 12.00
Project("{FAE04EC0-301F-11D3-BF4B-00C04F79EFBC}") = "HyperTestTask", "HyperTestTask\HyperTestTask\HyperTestTask.csproj", "{014AC4C6-AB63-49D1-9D09-0581A2E7144B}"
EndProject
Project("{FAE04EC0-301F-11D3-BF4B-00C04F79EFBC}") = "HyperTestTask.Android", "HyperTestTask\HyperTestTask.Android\HyperTestTask.Android.csproj", "{3DA0DE9D-8910-42AF-958E-99205A804D98}"
EndProject
Project("{FAE04EC0-301F-11D3-BF4B-00C04F79EFBC}") = "HyperTestTask.iOS", "HyperTestTask\HyperTestTask.iOS\HyperTestTask.iOS.csproj", "{4B5DA05E-C236-476A-9FBA-6EA1EDDE69F5}"
EndProject
Global
	GlobalSection(SolutionConfigurationPlatforms) = preSolution
		Ad-Hoc|iPhone = Ad-Hoc|iPhone
		AppStore|iPhone = AppStore|iPhone
		Debug|Any CPU = Debug|Any CPU
		Debug|iPhone = Debug|iPhone
		Debug|iPhoneSimulator = Debug|iPhoneSimulator
		Release|Any CPU = Release|Any CPU
		Release|iPhone = Release|iPhone
		Release|iPhoneSimulator = Release|iPhoneSimulator
	EndGlobalSection
	GlobalSection(ProjectConfigurationPlatforms) = postSolution
		{014AC4C6-AB63-49D1-9D09-0581A2E7144B}.Ad-Hoc|iPhone.ActiveCfg = Debug|Any CPU
		{014AC4C6-AB63-49D1-9D09-0581A2E7144B}.Ad-Hoc|iPhone.Build.0 = Debug|Any CPU
		{014AC4C6-AB63-49D1-9D09-0581A2E7144B}.AppStore|iPhone.ActiveCfg = Debug|Any CPU
		{014AC4C6-AB63-49D1-9D09-0581A2E7144B}.AppStore|iPhone.Build.0 = Debug|Any CPU
		{014AC4C6-AB63-49D1-9D09-0581A2E7144B}.Debug|Any CPU.ActiveCfg = Debug|Any CPU
		{014AC4C6-AB63-49D1-9D09-0581A2E7144B}.Debug|Any CPU.Build.0 = Debug|Any CPU
		{014AC4C6-AB63-49D1-9D09-0581A2E7144B}.Debug|iPhone.ActiveCfg = Debug|Any CPU
		{014AC4C6-AB63-49D1-9D09-0581A2E7144B}.Debug|iPhone.Build.0 = Debug|Any CPU
		{014AC4C6-AB63-49D1-9D09-0581A2E7144B}.Debug|iPhoneSimulator.ActiveCfg = Debug|Any CPU
		{014AC4C6-AB63-49D1-9D09-0581A2E7144B}.Debug|iPhoneSimulator.Build.0 = Debug|Any CPU
		{014AC4C6-AB63-49D1-9D09-0581A2E7144B}.Release|Any CPU.ActiveCfg = Release|Any CPU
		{014AC4C6-AB63-49D1-9D09-0581A2E7144B}.Release|Any CPU.Build.0 = Release|Any CPU
		{014AC4C6-AB63-49D1-9D09-0581A2E7144B}.Release|iPhone.ActiveCfg = Release|Any CPU
		{014AC4C6-AB63-49D1-9D09-0581A2E7144B}.Release|iPhone.Build.0 = Release|Any CPU
		{014AC4C6-AB63-49D1-9D09-0581A2E7144B}.Release|iPhoneSimulator.ActiveCfg = Release|Any CPU
		{014AC4C6-AB63-49D1-9D09-0581A2E7144B}.Release|iPhoneSimulator.Build.0 = Release|Any CPU
		{3DA0DE9D-8910-42AF-958E-99205A804D98}.Ad-Hoc|iPhone.ActiveCfg = Debug|Any CPU
		{3DA0DE9D-8910-42AF-958E-99205A804D98}.Ad-Hoc|iPhone.Build.0 = Debug|Any CPU
		{3DA0DE9D-8910-42AF-958E-99205A804D98}.Ad-Hoc|iPhone.Deploy.0 = Debug|Any CPU
		{3DA0DE9D-8910-42AF-958E-99205A804D98}.AppStore|iPhone.ActiveCfg = Debug|Any CPU
		{3DA0DE9D-8910-42AF-958E-99205A804D98}.AppStore|iPhone.Build.0 = Debug|Any CPU
		{3DA0DE9D-8910-42AF-958E-99205A804D98}.AppStore|iPhone.Deploy.0 = Debug|Any CPU
		{3DA0DE9D-8910-42AF-958E-99205A804D98}.Debug|Any CPU.ActiveCfg = Debug|Any CPU
		{3DA0DE9D-8910-42AF-958E-99205A804D98}.Debug|Any CPU.Build.0 = Debug|Any CPU
		{3DA0DE9D-8910-42AF-958E-99205A804D98}.Debug|Any CPU.Deploy.0 = Debug|Any CPU
		{3DA0DE9D-8910-42AF-958E-99205A804D98}.Debug|iPhone.ActiveCfg = Debug|Any CPU
		{3DA0DE9D-8910-42AF-958E-99205A804D98}.Debug|iPhone.Build.0 = Debug|Any CPU
		{3DA0DE9D-8910-42AF-958E-99205A804D98}.Debug|iPhone.Deploy.0 = Debug|Any CPU
		{3DA0DE9D-8910-42AF-958E-99205A804D98}.Debug|iPhoneSimulator.ActiveCfg = Debug|Any CPU
		{3DA0DE9D-8910-42AF-958E-99205A804D98}.Debug|iPhoneSimulator.Build.0 = Debug|Any CPU
		{3DA0DE9D-8910-42AF-958E-99205A804D98}.Debug|iPhoneSimulator.Deploy.0 = Debug|Any CPU
		{3DA0DE9D-8910-42AF-958E-99205A804D98}.Release|Any CPU.ActiveCfg = Release|Any CPU
		{3DA0DE9D-8910-42AF-958E-99205A804D98}.Release|Any CPU.Build.0 = Release|Any CPU
		{3DA0DE9D-8910-42AF-958E-99205A804D98}.Release|Any CPU.Deploy.0 = Release|Any CPU
		{3DA0DE9D-8910-42AF-958E-99205A804D98}.Release|iPhone.ActiveCfg = Release|Any CPU
		{3DA0DE9D-8910-42AF-958E-99205A804D98}.Release|iPhone.Build.0 = Release|Any CPU
		{3DA0DE9D-8910-42AF-958E-99205A804D98}.Release|iPhone.Deploy.0 = Release|Any CPU
		{3DA0DE9D-8910-42AF-958E-99205A804D98}.Release|iPhoneSimulator.ActiveCfg = Release|Any CPU
		{3DA0DE9D-8910-42AF-958E-99205A804D98}.Release|iPhoneSimulator.Build.0 = Release|Any CPU
		{3DA0DE9D-8910-42AF-958E-99205A804D98}.Release|iPhoneSimulator.Deploy.0 = Release|Any CPU
		{4B5DA05E-C236-476A-9FBA-6EA1EDDE69F5}.Ad-Hoc|iPhone.ActiveCfg = Ad-Hoc|iPhone
		{4B5DA05E-C236-476A-9FBA-6EA1EDDE69F5}.Ad-Hoc|iPhone.Build.0 = Ad-Hoc|iPhone
		{4B5DA05E-C236-476A-9FBA-6EA1EDDE69F5}.Ad-Hoc|iPhone.Deploy.0 = Ad-Hoc|iPhone
		{4B5DA05E-C236-476A-9FBA-6EA1EDDE69F5}.AppStore|iPhone.ActiveCfg = AppStore|iPhone
		{4B5DA05E-C236-476A-9FBA-6EA1EDDE69F5}.AppStore|iPhone.Build.0 = AppStore|iPhone
		{4B5DA05E-C236-476A-9FBA-6EA1EDDE69F5}.AppStore|iPhone.Deploy.0 = AppStore|iPhone
		{4B5DA05E-C236-476A-9FBA-6EA1EDDE69F5}.Debug|Any CPU.ActiveCfg = Debug|iPhoneSimulator
		{4B5DA05E-C236-476A-9FBA-6EA1EDDE69F5}.Debug|Any CPU.Build.0 = Debug|iPhoneSimulator
		{4B5DA05E-C236-476A-9FBA-6EA1EDDE69F5}.Debug|Any CPU.Deploy.0 = Debug|iPhoneSimulator
		{4B5DA05E-C236-476A-9FBA-6EA1EDDE69F5}.Debug|iPhone.ActiveCfg = Debug|iPhone
		{4B5DA05E-C236-476A-9FBA-6EA1EDDE69F5}.Debug|iPhone.Build.0 = Debug|iPhone
		{4B5DA05E-C236-476A-9FBA-6EA1EDDE69F5}.Debug|iPhone.Deploy.0 = Debug|iPhone
		{4B5DA05E-C236-476A-9FBA-6EA1EDDE69F5}.Debug|iPhoneSimulator.ActiveCfg = Debug|iPhoneSimulator
		{4B5DA05E-C236-476A-9FBA-6EA1EDDE69F5}.Debug|iPhoneSimulator.Build.0 = Debug|iPhoneSimulator
		{4B5DA05E-C236-476A-9FBA-6EA1EDDE69F5}.Debug|iPhoneSimulator.Deploy.0 = Debug|iPhoneSimulator
		{4B5DA05E-C236-476A-9FBA-6EA1EDDE69F5}.Release|Any CPU.ActiveCfg = Release|iPhoneSimulator
		{4B5DA05E-C236-476A-9FBA-6EA1EDDE69F5}.Release|Any CPU.Build.0 = Release|iPhoneSimulator
		{4B5DA05E-C236-476A-9FBA-6EA1EDDE69F5}.Release|Any CPU.Deploy.0 = Release|iPhoneSimulator
		{4B5DA05E-C236-476A-9FBA-6EA1EDDE69F5}.Release|iPhone.ActiveCfg = Release|iPhone
		{4B5DA05E-C236-476A-9FBA-6EA1EDDE69F5}.Release|iPhone.Build.0 = Release|iPhone
		{4B5DA05E-C236-476A-9FBA-6EA1EDDE69F5}.Release|iPhone.Deploy.0 = Release|iPhone
		{4B5DA05E-C236-476A-9FBA-6EA1EDDE69F5}.Release|iPhoneSimulator.ActiveCfg = Release|iPhoneSimulator
		{4B5DA05E-C236-476A-9FBA-6EA1EDDE69F5}.Release|iPhoneSimulator.Build.0 = Release|iPhoneSimulator
		{4B5DA05E-C236-476A-9FBA-6EA1EDDE69F5}.Release|iPhoneSimulator.Deploy.0 = Release|iPhoneSimulator
	EndGlobalSection
EndGlobal
